
Microsoft Visual Studio Solution File, Format Version 12.00
# Visual Studio Version 17
VisualStudioVersion = 17.9.34723.18
MinimumVisualStudioVersion = 10.0.40219.1
Project("{FAE04EC0-301F-11D3-BF4B-00C04F79EFBC}") = "BankLibrary", "BankLibrary\BankLibrary.csproj", "{5A3109AC-C3AE-468B-A348-3227845103D4}"
EndProject
Project("{FAE04EC0-301F-11D3-BF4B-00C04F79EFBC}") = "BankApp", "BankApp\BankApp.csproj", "{C068A29F-169D-4AE0-941D-E376F8841781}"
EndProject
Global
	GlobalSection(SolutionConfigurationPlatforms) = preSolution
		Debug|Any CPU = Debug|Any CPU
		Release|Any CPU = Release|Any CPU
	EndGlobalSection
	GlobalSection(ProjectConfigurationPlatforms) = postSolution
		{5A3109AC-C3AE-468B-A348-3227845103D4}.Debug|Any CPU.ActiveCfg = Debug|Any CPU
		{5A3109AC-C3AE-468B-A348-3227845103D4}.Debug|Any CPU.Build.0 = Debug|Any CPU
		{5A3109AC-C3AE-468B-A348-3227845103D4}.Release|Any CPU.ActiveCfg = Release|Any CPU
		{5A3109AC-C3AE-468B-A348-3227845103D4}.Release|Any CPU.Build.0 = Release|Any CPU
		{C068A29F-169D-4AE0-941D-E376F8841781}.Debug|Any CPU.ActiveCfg = Debug|Any CPU
		{C068A29F-169D-4AE0-941D-E376F8841781}.Debug|Any CPU.Build.0 = Debug|Any CPU
		{C068A29F-169D-4AE0-941D-E376F8841781}.Release|Any CPU.ActiveCfg = Release|Any CPU
		{C068A29F-169D-4AE0-941D-E376F8841781}.Release|Any CPU.Build.0 = Release|Any CPU
	EndGlobalSection
	GlobalSection(SolutionProperties) = preSolution
		HideSolutionNode = FALSE
	EndGlobalSection
	GlobalSection(ExtensibilityGlobals) = postSolution
		SolutionGuid = {B5B96DCB-C09C-40AF-A18E-6D24B1C33C01}
	EndGlobalSection
EndGlobal
